
Microsoft Visual Studio Solution File, Format Version 12.00
# Visual Studio Version 16
VisualStudioVersion = 16.0.30309.148
MinimumVisualStudioVersion = 10.0.40219.1
Project("{FAE04EC0-301F-11D3-BF4B-00C04F79EFBC}") = "PresentationViews", "PresentationViews\PresentationViews.csproj", "{845D5C1C-7BD8-47B9-8D14-3F2339B2B8BD}"
EndProject
Project("{FAE04EC0-301F-11D3-BF4B-00C04F79EFBC}") = "BLL", "BLL\BLL.csproj", "{83976A95-524F-4C70-9861-BABD419757CA}"
EndProject
Project("{FAE04EC0-301F-11D3-BF4B-00C04F79EFBC}") = "Entities", "Entities\Entities.csproj", "{C62D0890-DF3E-45CA-AF69-6EDA712EF5B9}"
EndProject
Project("{FAE04EC0-301F-11D3-BF4B-00C04F79EFBC}") = "DAL", "DAL\DAL.csproj", "{E45B2CD2-76F6-46EE-AEBF-105FB5414ECC}"
EndProject
Project("{FAE04EC0-301F-11D3-BF4B-00C04F79EFBC}") = "Commmon", "Commmon\Commmon.csproj", "{5E94644D-3FB6-4227-8BF0-B2406D836E09}"
EndProject
Global
	GlobalSection(SolutionConfigurationPlatforms) = preSolution
		Debug|Any CPU = Debug|Any CPU
		Release|Any CPU = Release|Any CPU
	EndGlobalSection
	GlobalSection(ProjectConfigurationPlatforms) = postSolution
		{845D5C1C-7BD8-47B9-8D14-3F2339B2B8BD}.Debug|Any CPU.ActiveCfg = Debug|Any CPU
		{845D5C1C-7BD8-47B9-8D14-3F2339B2B8BD}.Debug|Any CPU.Build.0 = Debug|Any CPU
		{845D5C1C-7BD8-47B9-8D14-3F2339B2B8BD}.Release|Any CPU.ActiveCfg = Release|Any CPU
		{845D5C1C-7BD8-47B9-8D14-3F2339B2B8BD}.Release|Any CPU.Build.0 = Release|Any CPU
		{83976A95-524F-4C70-9861-BABD419757CA}.Debug|Any CPU.ActiveCfg = Debug|Any CPU
		{83976A95-524F-4C70-9861-BABD419757CA}.Debug|Any CPU.Build.0 = Debug|Any CPU
		{83976A95-524F-4C70-9861-BABD419757CA}.Release|Any CPU.ActiveCfg = Release|Any CPU
		{83976A95-524F-4C70-9861-BABD419757CA}.Release|Any CPU.Build.0 = Release|Any CPU
		{C62D0890-DF3E-45CA-AF69-6EDA712EF5B9}.Debug|Any CPU.ActiveCfg = Debug|Any CPU
		{C62D0890-DF3E-45CA-AF69-6EDA712EF5B9}.Debug|Any CPU.Build.0 = Debug|Any CPU
		{C62D0890-DF3E-45CA-AF69-6EDA712EF5B9}.Release|Any CPU.ActiveCfg = Release|Any CPU
		{C62D0890-DF3E-45CA-AF69-6EDA712EF5B9}.Release|Any CPU.Build.0 = Release|Any CPU
		{E45B2CD2-76F6-46EE-AEBF-105FB5414ECC}.Debug|Any CPU.ActiveCfg = Debug|Any CPU
		{E45B2CD2-76F6-46EE-AEBF-105FB5414ECC}.Debug|Any CPU.Build.0 = Debug|Any CPU
		{E45B2CD2-76F6-46EE-AEBF-105FB5414ECC}.Release|Any CPU.ActiveCfg = Release|Any CPU
		{E45B2CD2-76F6-46EE-AEBF-105FB5414ECC}.Release|Any CPU.Build.0 = Release|Any CPU
		{5E94644D-3FB6-4227-8BF0-B2406D836E09}.Debug|Any CPU.ActiveCfg = Debug|Any CPU
		{5E94644D-3FB6-4227-8BF0-B2406D836E09}.Debug|Any CPU.Build.0 = Debug|Any CPU
		{5E94644D-3FB6-4227-8BF0-B2406D836E09}.Release|Any CPU.ActiveCfg = Release|Any CPU
		{5E94644D-3FB6-4227-8BF0-B2406D836E09}.Release|Any CPU.Build.0 = Release|Any CPU
	EndGlobalSection
	GlobalSection(SolutionProperties) = preSolution
		HideSolutionNode = FALSE
	EndGlobalSection
	GlobalSection(ExtensibilityGlobals) = postSolution
		SolutionGuid = {3EB02A79-A7C4-4E03-92EB-576C189EAB87}
	EndGlobalSection
EndGlobal
